# THIS IS AN AUTOGENERATED FILE. DO NOT EDIT THIS FILE DIRECTLY.
# yarn lockfile v1


"@types/json-schema@^7.0.12":
  version "7.0.12"
  resolved "https://registry.yarnpkg.com/@types/json-schema/-/json-schema-7.0.12.tgz#d70faba7039d5fca54c83c7dbab41051d2b6f6cb"
  integrity sha512-Hr5Jfhc9eYOQNPYO5WLDq/n4jqijdHNlDXjuAQkkt+mWdQR+XJToOHrsD4cPaMXpn6KO7y2+wM8AZEs8VpBLVA==

"@typescript/typescript-aix-ppc64@7.0.2":
  version "7.0.2"
  resolved "https://registry.yarnpkg.com/@typescript/typescript-aix-ppc64/-/typescript-aix-ppc64-7.0.2.tgz#cdc7ce81d60f1e09034960ddfb1fb880d7a776b6"
  integrity sha512-MTKKkWB7p/0E9xi1d1tHtZ5PiLkGEMIq88pK2CubZjOsLtYTLqhgIgi6zepFa+9GHZ6h05NMCkQxGKiPXMxXtQ==

"@typescript/typescript-darwin-arm64@7.0.2":
  version "7.0.2"
  resolved "https://registry.yarnpkg.com/@typescript/typescript-darwin-arm64/-/typescript-darwin-arm64-7.0.2.tgz#a55fdfcfa58df58d27db2237cde6a5c1e35a7235"
  integrity sha512-gowzar9MwS/aRWp6f3a4KUqzRjAZjOsmGNCM6LcTgXum+dBfgsBVMN+AgvOCCbguXyick6LJhpBszxMebJ8syA==

"@typescript/typescript-darwin-x64@7.0.2":
  version "7.0.2"
  resolved "https://registry.yarnpkg.com/@typescript/typescript-darwin-x64/-/typescript-darwin-x64-7.0.2.tgz#38d1c9172800a91d707bec64d2a370a016634db4"
  integrity sha512-SZ9xZInqApNlNGc9s0W1VSsktYSOe9cFqNOIqmN1Gs8SmkjKZYFt017G4VwPxASInODuAdbTW7sXiFUf893RgA==

"@typescript/typescript-freebsd-arm64@7.0.2":
  version "7.0.2"
  resolved "https://registry.yarnpkg.com/@typescript/typescript-freebsd-arm64/-/typescript-freebsd-arm64-7.0.2.tgz#f1ff8810030b35d2b5be0db6a2dc650460ea94fa"
  integrity sha512-W5NH4y/J0plIIS5b2xvTEkU7JFxyqdMAOgf+Ilhl0vHQXKO5dZoxd+C/jEtq56c4F3wk71RB4BMRQ2XdI+bwYQ==

"@typescript/typescript-freebsd-x64@7.0.2":
  version "7.0.2"
  resolved "https://registry.yarnpkg.com/@typescript/typescript-freebsd-x64/-/typescript-freebsd-x64-7.0.2.tgz#3d86b03f353c5b1ba95162eb6ce35533bfc294bd"
  integrity sha512-UMGDx5sTpzNw3WiPebH7l90IWfJggEd+egHt/q6p7/Cm3zqoV7VxkGXt+3DxPIw8CcmvAB0j3sVVfbhX+M4Tpw==

"@typescript/typescript-linux-arm64@7.0.2":
  version "7.0.2"
  resolved "https://registry.yarnpkg.com/@typescript/typescript-linux-arm64/-/typescript-linux-arm64-7.0.2.tgz#d9334d96d6dac6ff85da9c865588948de939e91f"
  integrity sha512-Qh4eU4/y3yDjnfjjyPYihMj5/ODIlmt+Bzu17OI+fiSRDW57QmU5SiN63exPRNJPKUzcc1INa1NXdrJ+MqHjUQ==

"@typescript/typescript-linux-arm@7.0.2":
  version "7.0.2"
  resolved "https://registry.yarnpkg.com/@typescript/typescript-linux-arm/-/typescript-linux-arm-7.0.2.tgz#ad94b41e1aee2a4dcc6a298c7b67c43345fde32e"
  integrity sha512-gffT3xPz9sR7j/YJExkyPntrI0P2EP9XbOyWzth2/Gs0RstK+90RBcO0ncXoXy/beYll1SXw846Nf2zdnEz0QQ==

"@typescript/typescript-linux-loong64@7.0.2":
  version "7.0.2"
  resolved "https://registry.yarnpkg.com/@typescript/typescript-linux-loong64/-/typescript-linux-loong64-7.0.2.tgz#2965aee4fc873360139d893daafe6397a29138ad"
  integrity sha512-uEHck9i8hoAzXPiYRib1O7miOnz23SxIeVl6F4LXox+qov1K35jHcEW6VHKvZI+pyvl7fZEP4MCU5LYvIq1GuQ==

"@typescript/typescript-linux-mips64el@7.0.2":
  version "7.0.2"
  resolved "https://registry.yarnpkg.com/@typescript/typescript-linux-mips64el/-/typescript-linux-mips64el-7.0.2.tgz#1a887a311bed3a833f80bfd4a9ed37c271936cf0"
  integrity sha512-R4KvAMnE43W5Qeqb0Ly56O3mWMWIAgsMyz36DCaycd5nbg/9kzm0liw3JocfRqyJY0KPmzFjbswozXyW0DnIYA==

"@typescript/typescript-linux-ppc64@7.0.2":
  version "7.0.2"
  resolved "https://registry.yarnpkg.com/@typescript/typescript-linux-ppc64/-/typescript-linux-ppc64-7.0.2.tgz#8b63c9b2f445b393eb4e43ec21da225dade3577d"
  integrity sha512-DORx5b3sd/4S7eayxm4FQv+A7CrkUIGRaHiwI8oiHTAI1fAPWhF4J0vAlkC8biAlHSVVwxMQ3tjZ2/DVbnQiiA==

"@typescript/typescript-linux-riscv64@7.0.2":
  version "7.0.2"
  resolved "https://registry.yarnpkg.com/@typescript/typescript-linux-riscv64/-/typescript-linux-riscv64-7.0.2.tgz#b6e8a35c289b3ea97a92a41d461aaeed0d3b36e1"
  integrity sha512-wf0jqEDOjrPRnKwYRyyJDRo11KMbvMFrU+q4zqKyChODBzvlkbhNQfKvLxQCcwTpdDaXSHZTVuh0JoCrKCUMHQ==

"@typescript/typescript-linux-s390x@7.0.2":
  version "7.0.2"
  resolved "https://registry.yarnpkg.com/@typescript/typescript-linux-s390x/-/typescript-linux-s390x-7.0.2.tgz#2ef96693be4861f6d17965427e5b009cbbed1a3e"
  integrity sha512-IkwJc3L7yhytWd/ewjyxNDfOmswCm9GWMJT/ue/dU4aZNbwZeYAetq42VyLmsmSjvoX7z74X6ZaYCtzAr0EuGw==

"@typescript/typescript-linux-x64@7.0.2":
  version "7.0.2"
  resolved "https://registry.yarnpkg.com/@typescript/typescript-linux-x64/-/typescript-linux-x64-7.0.2.tgz#73269cb0baba50aea0ca060445a6b88e583f1ce2"
  integrity sha512-EYdf2cNg7rgCWJnxCdJ+F3V39O8ihb37eHAu1LK8oAFizgTQbPOK7zHHXbPt8rX24COqODXeI3sIf0fCXG7H/A==

"@typescript/typescript-netbsd-arm64@7.0.2":
  version "7.0.2"
  resolved "https://registry.yarnpkg.com/@typescript/typescript-netbsd-arm64/-/typescript-netbsd-arm64-7.0.2.tgz#3a3649f97fafa210b4e6e3798c15e06605c8a901"
  integrity sha512-+polYF4MF04aPpO5FTkHran9yUQDSXqy5GiSDKpsll5jy3l3+g9QLhpf39T+ePtefhXLOGrLl0QIjkQP6VnelA==

"@typescript/typescript-netbsd-x64@7.0.2":
  version "7.0.2"
  resolved "https://registry.yarnpkg.com/@typescript/typescript-netbsd-x64/-/typescript-netbsd-x64-7.0.2.tgz#47ec59491a40c470d2807dc4d2b825528fd979ab"
  integrity sha512-8YIT0EHM/3dq10ZOVF/A7pc/YSMtbcecct4rWtexrnSCHOPcpC2KTLXfTCR6vDpnSiY12heNb1GiN/wu+T/FyA==

"@typescript/typescript-openbsd-arm64@7.0.2":
  version "7.0.2"
  resolved "https://registry.yarnpkg.com/@typescript/typescript-openbsd-arm64/-/typescript-openbsd-arm64-7.0.2.tgz#796be8da0bd989d8a3fb96f2801e38a8365b4baf"
  integrity sha512-APT8+ClYnuYm1u9+kgGXoMj2VzWzcymwh2gNSQVySHfkRDGOTVkoWLjCmOQSaO+PoqQ57B0flRp9SA+7GnnkzQ==

"@typescript/typescript-openbsd-x64@7.0.2":
  version "7.0.2"
  resolved "https://registry.yarnpkg.com/@typescript/typescript-openbsd-x64/-/typescript-openbsd-x64-7.0.2.tgz#d37fe2a729eb942c076c454ee7f1815faf7d560f"
  integrity sha512-yX7s+Q0Dln0Dt9tEzZsAjXXR/+ytBM7AlglaqyeMPxQszJ1JhlJdZ6jLA+IzldHtflX81em7lDao1xXu+aRRkg==

"@typescript/typescript-sunos-x64@7.0.2":
  version "7.0.2"
  resolved "https://registry.yarnpkg.com/@typescript/typescript-sunos-x64/-/typescript-sunos-x64-7.0.2.tgz#aba8d3464c3565a7044789baba96916bd4ab2c88"
  integrity sha512-dLJDGaLZ1D4HPQn62u1n8mBDkJREwMsAkCdkwd4Ieqw+x3TUyTsqY0YiBCtE6H6OzzgGk3iuZ3vFWRS+E8/d1g==

"@typescript/typescript-win32-arm64@7.0.2":
  version "7.0.2"
  resolved "https://registry.yarnpkg.com/@typescript/typescript-win32-arm64/-/typescript-win32-arm64-7.0.2.tgz#b9de50a17196383f62620b5f9d0a2f34ad3b60d7"
  integrity sha512-Gyl1Vy6OsWesLzmq+EP0Fb7b4Nid5232AvcA2SFcdYreldpNtYFFofPjnt62y9hQy7VTaZp65ICJjuAQRaVcIQ==

"@typescript/typescript-win32-x64@7.0.2":
  version "7.0.2"
  resolved "https://registry.yarnpkg.com/@typescript/typescript-win32-x64/-/typescript-win32-x64-7.0.2.tgz#cf3b7b0d6ce5635daca4c8e01c189cdcde47ec3c"
  integrity sha512-0BQ3HkAHHlKLSp1qRvf3SUhGpGsDuhB/jgFw75guyqbxJqEaS0Cw/VFO8i2nHglJUzQCRtMMR/IBAKE3ETMC4g==

ajv@^8.20.0:
  version "8.20.0"
  resolved "https://registry.yarnpkg.com/ajv/-/ajv-8.20.0.tgz#304b3636add88ba7d936760dd50ece006dea95f9"
  integrity sha512-Thbli+OlOj+iMPYFBVBfJ3OmCAnaSyNn4M1vz9T6Gka5Jt9ba/HIR56joy65tY6kx/FCF5VXNB819Y7/GUrBGA==
  dependencies:
    fast-deep-equal "^3.1.3"
    fast-uri "^3.0.1"
    json-schema-traverse "^1.0.0"
    require-from-string "^2.0.2"

balanced-match@^1.0.0:
  version "1.0.2"
  resolved "https://registry.yarnpkg.com/balanced-match/-/balanced-match-1.0.2.tgz#e83e3a7e3f300b34cb9d87f615fa0cbf357690ee"
  integrity sha512-3oSeUO0TMV67hN1AmbXsK4yaqU7tjiHlbxRDZOpH0KW9+CeX4bRAaX0Anxt0tx2MrpRpWwQaPwIlISEJhYU5Pw==

brace-expansion@^2.0.1:
  version "2.0.1"
  resolved "https://registry.yarnpkg.com/brace-expansion/-/brace-expansion-2.0.1.tgz#1edc459e0f0c548486ecf9fc99f2221364b9a0ae"
  integrity sha512-XnAIvQ8eM+kC6aULx6wuQiwVsnzsi9d3WxzV3FpWTGA19F621kwdbsAcFKXgKUHZWsy+mY6iL1sHTxWEFCytDA==
  dependencies:
    balanced-match "^1.0.0"

commander@^11.0.0:
  version "11.0.0"
  resolved "https://registry.yarnpkg.com/commander/-/commander-11.0.0.tgz#43e19c25dbedc8256203538e8d7e9346877a6f67"
  integrity sha512-9HMlXtt/BNoYr8ooyjjNRdIilOTkVJXB+GhxMTtOKwk0R4j4lS4NpjuqmRxroBfnfTSHQIHQB7wryHhXarNjmQ==

fast-deep-equal@^3.1.3:
  version "3.1.3"
  resolved "https://registry.yarnpkg.com/fast-deep-equal/-/fast-deep-equal-3.1.3.tgz#3a7d56b559d6cbc3eb512325244e619a65c6c525"
  integrity sha512-f3qQ9oQy9j2AhBe/H9VC91wLmKBCCU/gDOnKNAYG5hswO7BLKj09Hc5HYNz9cGI++xlpDCIgDaitVs03ATR84Q==

fast-uri@^3.0.1:
  version "3.0.1"
  resolved "https://registry.yarnpkg.com/fast-uri/-/fast-uri-3.0.1.tgz#cddd2eecfc83a71c1be2cc2ef2061331be8a7134"
  integrity sha512-MWipKbbYiYI0UC7cl8m/i/IWTqfC8YXsqjzybjddLsFjStroQzsHXkc73JutMvBiXmOvapk+axIl79ig5t55Bw==

fs.realpath@^1.0.0:
  version "1.0.0"
  resolved "https://registry.yarnpkg.com/fs.realpath/-/fs.realpath-1.0.0.tgz#1504ad2523158caa40db4a2787cb01411994ea4f"
  integrity sha512-OO0pH2lK6a0hZnAdau5ItzHPI6pUlvI7jMVnxUQRtw4owF2wk8lOSabtGDCTP4Ggrg2MbGnWO9X8K1t4+fGMDw==

glob@^8.0.3:
  version "8.0.3"
  resolved "https://registry.yarnpkg.com/glob/-/glob-8.0.3.tgz#415c6eb2deed9e502c68fa44a272e6da6eeca42e"
  integrity sha512-ull455NHSHI/Y1FqGaaYFaLGkNMMJbavMrEGFXG/PGrg6y7sutWHUHrz6gy6WEBH6akM1M414dWKCNs+IhKdiQ==
  dependencies:
    fs.realpath "^1.0.0"
    inflight "^1.0.4"
    inherits "2"
    minimatch "^5.0.1"
    once "^1.3.0"

inflight@^1.0.4:
  version "1.0.6"
  resolved "https://registry.yarnpkg.com/inflight/-/inflight-1.0.6.tgz#49bd6331d7d02d0c09bc910a1075ba8165b56df9"
  integrity sha512-k92I/b08q4wvFscXCLvqfsHCrjrF7yiXsQuIVvVE7N82W3+aqpzuUdBbfhWcy/FZR3/4IgflMgKLOsvPDrGCJA==
  dependencies:
    once "^1.3.0"
    wrappy "1"

inherits@2:
  version "2.0.4"
  resolved "https://registry.yarnpkg.com/inherits/-/inherits-2.0.4.tgz#0fa2c64f932917c3433a0ded55363aae37416b7c"
  integrity sha512-k/vGaX4/Yla3WzyMCvTQOXYeIHvqOKtnqBduzTHpzpQZzAskKMhZ2K+EnBiSM9zGSoIFeMpXKxa4dYeZIQqewQ==

json-schema-traverse@^1.0.0:
  version "1.0.0"
  resolved "https://registry.yarnpkg.com/json-schema-traverse/-/json-schema-traverse-1.0.0.tgz#ae7bcb3656ab77a73ba5c49bf654f38e6b6860e2"
  integrity sha512-NM8/P9n3XjXhIZn1lLhkFaACTOURQXjWhV4BA/RnOv8xvgqtqpAX9IO4mRQxSx1Rlo4tqzeqb0sOlruaOy3dug==

json5@^2.2.3:
  version "2.2.3"
  resolved "https://registry.yarnpkg.com/json5/-/json5-2.2.3.tgz#78cd6f1a19bdc12b73db5ad0c61efd66c1e29283"
  integrity sha512-XmOWe7eyHYH14cLdVPoyg+GOH3rYX++KpzrylJwSW98t3Nk+U8XOl8FWKOgwtzdb8lXGf6zYwDUzeHMWfxasyg==

minimatch@^5.0.1:
  version "5.1.2"
  resolved "https://registry.yarnpkg.com/minimatch/-/minimatch-5.1.2.tgz#0939d7d6f0898acbd1508abe534d1929368a8fff"
  integrity sha512-bNH9mmM9qsJ2X4r2Nat1B//1dJVcn3+iBLa3IgqJ7EbGaDNepL9QSHOxN4ng33s52VMMhhIfgCYDk3C4ZmlDAg==
  dependencies:
    brace-expansion "^2.0.1"

normalize-path@^3.0.0:
  version "3.0.0"
  resolved "https://registry.yarnpkg.com/normalize-path/-/normalize-path-3.0.0.tgz#0dcd69ff23a1c9b11fd0978316644a0388216a65"
  integrity sha512-6eZs5Ls3WtCisHWp9S2GUy8dqkpGi4BVSz3GaqiE6ezub0512ESztXUwUB6C6IKbQkY2Pnb/mD4WYojCRwcwLA==

once@^1.3.0:
  version "1.4.0"
  resolved "https://registry.yarnpkg.com/once/-/once-1.4.0.tgz#583b1aa775961d4b113ac17d9c50baef9dd76bd1"
  integrity sha512-lNaJgI+2Q5URQBkccEKHTQOPaXdUxnZZElQTZY0MFUAuaEqe1E+Nyvgdz/aIyNi6Z9MzO5dv1H8n58/GELp3+w==
  dependencies:
    wrappy "1"

require-from-string@^2.0.2:
  version "2.0.2"
  resolved "https://registry.yarnpkg.com/require-from-string/-/require-from-string-2.0.2.tgz#89a7fdd938261267318eafe14f9c32e598c36909"
  integrity sha512-Xf0nWe6RseziFMu+Ap9biiUbmplq6S9/p+7w7YXP/JBHhrUDDUhwa+vANyubuqfZWTveU//DYVGsDG7RKL/vEw==

safe-stable-stringify@^2.4.3:
  version "2.4.3"
  resolved "https://registry.yarnpkg.com/safe-stable-stringify/-/safe-stable-stringify-2.4.3.tgz#138c84b6f6edb3db5f8ef3ef7115b8f55ccbf886"
  integrity sha512-e2bDA2WJT0wxseVd4lsDP4+3ONX6HpMXQa1ZhFQ7SU+GjvORCmShbCMltrtIDfkYhVHrOcPtj+KhmDBdPdZD1g==

ts-json-schema-generator@^1.5.0:
  version "1.5.0"
  resolved "https://registry.yarnpkg.com/ts-json-schema-generator/-/ts-json-schema-generator-1.5.0.tgz#9f5cea606c27ebcf13060157542ac1d3b225430f"
  integrity sha512-RkiaJ6YxGc5EWVPfyHxszTmpGxX8HC2XBvcFlAl1zcvpOG4tjjh+eXioStXJQYTvr9MoK8zCOWzAUlko3K0DiA==
  dependencies:
    "@types/json-schema" "^7.0.12"
    commander "^11.0.0"
    glob "^8.0.3"
    json5 "^2.2.3"
    normalize-path "^3.0.0"
    safe-stable-stringify "^2.4.3"
    typescript "~5.3.2"

typescript@^7.0.2:
  version "7.0.2"
  resolved "https://registry.yarnpkg.com/typescript/-/typescript-7.0.2.tgz#9ec773d7954a8c182c17cc5bbd575aa28bc51582"
  integrity sha512-8FYau96o3NKOhbjKi/qNvG/W5jhzxkbdm5sj9AbZ/5T5sWqn3hJgLfGx27sRKZWTvyzCP8dLRBTf5tBTSRVUNA==
  optionalDependencies:
    "@typescript/typescript-aix-ppc64" "7.0.2"
    "@typescript/typescript-darwin-arm64" "7.0.2"
    "@typescript/typescript-darwin-x64" "7.0.2"
    "@typescript/typescript-freebsd-arm64" "7.0.2"
    "@typescript/typescript-freebsd-x64" "7.0.2"
    "@typescript/typescript-linux-arm" "7.0.2"
    "@typescript/typescript-linux-arm64" "7.0.2"
    "@typescript/typescript-linux-loong64" "7.0.2"
    "@typescript/typescript-linux-mips64el" "7.0.2"
    "@typescript/typescript-linux-ppc64" "7.0.2"
    "@typescript/typescript-linux-riscv64" "7.0.2"
    "@typescript/typescript-linux-s390x" "7.0.2"
    "@typescript/typescript-linux-x64" "7.0.2"
    "@typescript/typescript-netbsd-arm64" "7.0.2"
    "@typescript/typescript-netbsd-x64" "7.0.2"
    "@typescript/typescript-openbsd-arm64" "7.0.2"
    "@typescript/typescript-openbsd-x64" "7.0.2"
    "@typescript/typescript-sunos-x64" "7.0.2"
    "@typescript/typescript-win32-arm64" "7.0.2"
    "@typescript/typescript-win32-x64" "7.0.2"

typescript@~5.3.2:
  version "5.3.3"
  resolved "https://registry.yarnpkg.com/typescript/-/typescript-5.3.3.tgz#b3ce6ba258e72e6305ba66f5c9b452aaee3ffe37"
  integrity sha512-pXWcraxM0uxAS+tN0AG/BF2TyqmHO014Z070UsJ+pFvYuRSq8KH8DmWpnbXe0pEPDHXZV3FcAbJkijJ5oNEnWw==

wrappy@1:
  version "1.0.2"
  resolved "https://registry.yarnpkg.com/wrappy/-/wrappy-1.0.2.tgz#b5243d8f3ec1aa35f1364605bc0d1036e30ab69f"
  integrity sha512-l4Sp/DRseor9wL6EvV2+TuQn63dMkPjZ/sp9XkghTEbV9KlPS1xUsZ3u7/IQO4wxtcFB4bgpQPRcR3QCvezPcQ==
